
Microsoft Visual Studio Solution File, Format Version 12.00
# Visual Studio 15
VisualStudioVersion = 15.0.27428.2005
MinimumVisualStudioVersion = 10.0.40219.1
Project("{FAE04EC0-301F-11D3-BF4B-00C04F79EFBC}") = "AZLinli.ORM", "AZLinli.ORM\AZLinli.ORM.csproj", "{B6612CBA-4CF9-4AF1-860F-1C5804AC53E9}"
EndProject
Project("{FAE04EC0-301F-11D3-BF4B-00C04F79EFBC}") = "AZLinli.ORM.MSSQL", "AZLinli.ORM.MSSQL\AZLinli.ORM.MSSQL.csproj", "{A5A883E7-01AA-4EEC-9A67-E9659EEB1049}"
EndProject
Project("{FAE04EC0-301F-11D3-BF4B-00C04F79EFBC}") = "AZLlili.ORM.SQLite", "AZLlili.ORM.SQLite\AZLlili.ORM.SQLite.csproj", "{E85FF30E-91DB-425A-AA80-955AA5EAF494}"
EndProject
Project("{FAE04EC0-301F-11D3-BF4B-00C04F79EFBC}") = "DEMO", "DEMO\DEMO.csproj", "{C18D5399-044A-416B-BBFF-F6308D3B2804}"
EndProject
Global
	GlobalSection(SolutionConfigurationPlatforms) = preSolution
		Debug|Any CPU = Debug|Any CPU
		Release|Any CPU = Release|Any CPU
	EndGlobalSection
	GlobalSection(ProjectConfigurationPlatforms) = postSolution
		{B6612CBA-4CF9-4AF1-860F-1C5804AC53E9}.Debug|Any CPU.ActiveCfg = Debug|Any CPU
		{B6612CBA-4CF9-4AF1-860F-1C5804AC53E9}.Debug|Any CPU.Build.0 = Debug|Any CPU
		{B6612CBA-4CF9-4AF1-860F-1C5804AC53E9}.Release|Any CPU.ActiveCfg = Release|Any CPU
		{B6612CBA-4CF9-4AF1-860F-1C5804AC53E9}.Release|Any CPU.Build.0 = Release|Any CPU
		{A5A883E7-01AA-4EEC-9A67-E9659EEB1049}.Debug|Any CPU.ActiveCfg = Debug|Any CPU
		{A5A883E7-01AA-4EEC-9A67-E9659EEB1049}.Debug|Any CPU.Build.0 = Debug|Any CPU
		{A5A883E7-01AA-4EEC-9A67-E9659EEB1049}.Release|Any CPU.ActiveCfg = Release|Any CPU
		{A5A883E7-01AA-4EEC-9A67-E9659EEB1049}.Release|Any CPU.Build.0 = Release|Any CPU
		{E85FF30E-91DB-425A-AA80-955AA5EAF494}.Debug|Any CPU.ActiveCfg = Debug|Any CPU
		{E85FF30E-91DB-425A-AA80-955AA5EAF494}.Debug|Any CPU.Build.0 = Debug|Any CPU
		{E85FF30E-91DB-425A-AA80-955AA5EAF494}.Release|Any CPU.ActiveCfg = Release|Any CPU
		{E85FF30E-91DB-425A-AA80-955AA5EAF494}.Release|Any CPU.Build.0 = Release|Any CPU
		{C18D5399-044A-416B-BBFF-F6308D3B2804}.Debug|Any CPU.ActiveCfg = Debug|Any CPU
		{C18D5399-044A-416B-BBFF-F6308D3B2804}.Debug|Any CPU.Build.0 = Debug|Any CPU
		{C18D5399-044A-416B-BBFF-F6308D3B2804}.Release|Any CPU.ActiveCfg = Release|Any CPU
		{C18D5399-044A-416B-BBFF-F6308D3B2804}.Release|Any CPU.Build.0 = Release|Any CPU
	EndGlobalSection
	GlobalSection(SolutionProperties) = preSolution
		HideSolutionNode = FALSE
	EndGlobalSection
	GlobalSection(ExtensibilityGlobals) = postSolution
		SolutionGuid = {E10EA360-63A6-431C-9A3D-9C3230E2A70A}
	EndGlobalSection
EndGlobal
